
Microsoft Visual Studio Solution File, Format Version 12.00
# Visual Studio 2013
VisualStudioVersion = 12.0.21005.1
MinimumVisualStudioVersion = 10.0.40219.1
Project("{FAE04EC0-301F-11D3-BF4B-00C04F79EFBC}") = "Literacy", "Literacy\Literacy.csproj", "{D0C3B619-180A-407B-BE4A-9C1864B2A06D}"
EndProject
Project("{FAE04EC0-301F-11D3-BF4B-00C04F79EFBC}") = "UnitTest", "UnitTest\UnitTest.csproj", "{45CFE2C3-0F80-4497-8ECB-2B7B260683D8}"
EndProject
Global
	GlobalSection(SolutionConfigurationPlatforms) = preSolution
		Debug|Any CPU = Debug|Any CPU
		Release|Any CPU = Release|Any CPU
	EndGlobalSection
	GlobalSection(ProjectConfigurationPlatforms) = postSolution
		{D0C3B619-180A-407B-BE4A-9C1864B2A06D}.Debug|Any CPU.ActiveCfg = Debug|Any CPU
		{D0C3B619-180A-407B-BE4A-9C1864B2A06D}.Debug|Any CPU.Build.0 = Debug|Any CPU
		{D0C3B619-180A-407B-BE4A-9C1864B2A06D}.Release|Any CPU.ActiveCfg = Release|Any CPU
		{D0C3B619-180A-407B-BE4A-9C1864B2A06D}.Release|Any CPU.Build.0 = Release|Any CPU
		{45CFE2C3-0F80-4497-8ECB-2B7B260683D8}.Debug|Any CPU.ActiveCfg = Debug|Any CPU
		{45CFE2C3-0F80-4497-8ECB-2B7B260683D8}.Debug|Any CPU.Build.0 = Debug|Any CPU
		{45CFE2C3-0F80-4497-8ECB-2B7B260683D8}.Release|Any CPU.ActiveCfg = Release|Any CPU
		{45CFE2C3-0F80-4497-8ECB-2B7B260683D8}.Release|Any CPU.Build.0 = Release|Any CPU
	EndGlobalSection
	GlobalSection(SolutionProperties) = preSolution
		HideSolutionNode = FALSE
	EndGlobalSection
EndGlobal
